{
  "name": "three-c",
  "version": "0.1.0",
  "lockfileVersion": 1,
  "requires": true,
  "dependencies": {
    "@angular/flex-layout": {
      "version": "2.0.0-beta.10-4905443",
      "resolved": "https://registry.npmjs.org/@angular/flex-layout/-/flex-layout-2.0.0-beta.10-4905443.tgz",
      "integrity": "sha512-jjr6mQ3X2vdEQbsyHD/mz1hfTBUUEOZVLFWEz/sbNoeU7uiA4lvqdp/ASrkZydGJHmTDUYrbBE/9kx0lherZ8Q==",
      "requires": {
        "tslib": "1.8.1"
      }
    },
    "tslib": {
      "version": "1.8.1",
      "resolved": "https://registry.npmjs.org/tslib/-/tslib-1.8.1.tgz",
      "integrity": "sha1-aUavLR1lGnsYY7Ux1uWvpBqkTqw="
    }
  }
}
